
Microsoft Visual Studio Solution File, Format Version 12.00
# Visual Studio Version 17
VisualStudioVersion = 17.4.33122.133
MinimumVisualStudioVersion = 10.0.40219.1
Project("{FAE04EC0-301F-11D3-BF4B-00C04F79EFBC}") = "Test", "Test\Test.csproj", "{79657A6A-BE96-4D49-A732-1477BEA36A29}"
EndProject
Global
	GlobalSection(SolutionConfigurationPlatforms) = preSolution
		Debug|Any CPU = Debug|Any CPU
		Release|Any CPU = Release|Any CPU
	EndGlobalSection
	GlobalSection(ProjectConfigurationPlatforms) = postSolution
		{79657A6A-BE96-4D49-A732-1477BEA36A29}.Debug|Any CPU.ActiveCfg = Debug|Any CPU
		{79657A6A-BE96-4D49-A732-1477BEA36A29}.Debug|Any CPU.Build.0 = Debug|Any CPU
		{79657A6A-BE96-4D49-A732-1477BEA36A29}.Release|Any CPU.ActiveCfg = Release|Any CPU
		{79657A6A-BE96-4D49-A732-1477BEA36A29}.Release|Any CPU.Build.0 = Release|Any CPU
	EndGlobalSection
	GlobalSection(SolutionProperties) = preSolution
		HideSolutionNode = FALSE
	EndGlobalSection
	GlobalSection(ExtensibilityGlobals) = postSolution
		SolutionGuid = {F29194CC-B7E3-460C-BE8F-8E792889D7E9}
	EndGlobalSection
EndGlobal
